
Microsoft Visual Studio Solution File, Format Version 12.00
# Visual Studio Version 17
VisualStudioVersion = 17.4.33205.214
MinimumVisualStudioVersion = 10.0.40219.1
Project("{FAE04EC0-301F-11D3-BF4B-00C04F79EFBC}") = "DemoApi", "DemoApi\DemoApi.csproj", "{F354D3E6-100C-495E-A9F3-247859A24AE5}"
EndProject
Global
	GlobalSection(SolutionConfigurationPlatforms) = preSolution
		Debug|Any CPU = Debug|Any CPU
		Release|Any CPU = Release|Any CPU
	EndGlobalSection
	GlobalSection(ProjectConfigurationPlatforms) = postSolution
		{F354D3E6-100C-495E-A9F3-247859A24AE5}.Debug|Any CPU.ActiveCfg = Debug|Any CPU
		{F354D3E6-100C-495E-A9F3-247859A24AE5}.Debug|Any CPU.Build.0 = Debug|Any CPU
		{F354D3E6-100C-495E-A9F3-247859A24AE5}.Release|Any CPU.ActiveCfg = Release|Any CPU
		{F354D3E6-100C-495E-A9F3-247859A24AE5}.Release|Any CPU.Build.0 = Release|Any CPU
	EndGlobalSection
	GlobalSection(SolutionProperties) = preSolution
		HideSolutionNode = FALSE
	EndGlobalSection
	GlobalSection(ExtensibilityGlobals) = postSolution
		SolutionGuid = {B88EE9D5-32E2-428A-A763-E553ABA51105}
	EndGlobalSection
EndGlobal
